{
  "name": "@dylan/parser",
  "version": "0.2.1",
  "lockfileVersion": 1,
  "requires": true,
  "dependencies": {
    "@dylan/coerce": {
      "version": "0.2.1",
      "resolved": "https://registry.npmjs.org/@dylan/coerce/-/coerce-0.2.1.tgz",
      "integrity": "sha512-URe4cQZvsNI7FIlCq1PUilRAnkikdvYKCRN1EKpspOONk88Gng0nLMUvYenIMZ+SQJo+Kh5VMaYjWqlrDgSm/g==",
      "requires": {
        "dot-prop": "5.1.1"
      }
    },
    "dot-prop": {
      "version": "5.1.1",
      "resolved": "https://registry.npmjs.org/dot-prop/-/dot-prop-5.1.1.tgz",
      "integrity": "sha512-QCHI6Lkf+9fJMpwfAFsTvbiSh6ujoPmhCLiDvD/n4dGtLvHfhuBwPdN6z2x4YSOwwtTcLoO/LP70xELWGF/JVA==",
      "requires": {
        "is-obj": "^2.0.0"
      }
    },
    "is-obj": {
      "version": "2.0.0",
      "resolved": "https://registry.npmjs.org/is-obj/-/is-obj-2.0.0.tgz",
      "integrity": "sha512-drqDG3cbczxxEJRoOXcOjtdp1J/lyp1mNn0xaznRs8+muBhgQcrnbspox5X5fOw0HnMnbfDzvnEMEtqDEJEo8w=="
    },
    "qs": {
      "version": "6.9.0",
      "resolved": "https://registry.npmjs.org/qs/-/qs-6.9.0.tgz",
      "integrity": "sha512-27RP4UotQORTpmNQDX8BHPukOnBP3p1uUJY5UnDhaJB+rMt9iMsok724XL+UHU23bEFOHRMQ2ZhI99qOWUMGFA=="
    }
  }
}
